
Microsoft Visual Studio Solution File, Format Version 12.00
# Visual Studio 15
VisualStudioVersion = 15.0.27004.2005
MinimumVisualStudioVersion = 10.0.40219.1
Project("{FAE04EC0-301F-11D3-BF4B-00C04F79EFBC}") = "SolarSystem", "SolarSystem\SolarSystem.csproj", "{04A8890A-6D3D-42A4-B155-1ABBF45455A4}"
EndProject
Global
	GlobalSection(SolutionConfigurationPlatforms) = preSolution
		Debug|Any CPU = Debug|Any CPU
		Release|Any CPU = Release|Any CPU
	EndGlobalSection
	GlobalSection(ProjectConfigurationPlatforms) = postSolution
		{04A8890A-6D3D-42A4-B155-1ABBF45455A4}.Debug|Any CPU.ActiveCfg = Debug|Any CPU
		{04A8890A-6D3D-42A4-B155-1ABBF45455A4}.Debug|Any CPU.Build.0 = Debug|Any CPU
		{04A8890A-6D3D-42A4-B155-1ABBF45455A4}.Release|Any CPU.ActiveCfg = Release|Any CPU
		{04A8890A-6D3D-42A4-B155-1ABBF45455A4}.Release|Any CPU.Build.0 = Release|Any CPU
	EndGlobalSection
	GlobalSection(SolutionProperties) = preSolution
		HideSolutionNode = FALSE
	EndGlobalSection
	GlobalSection(ExtensibilityGlobals) = postSolution
		SolutionGuid = {50CCB39A-94D9-487F-9425-949355A1A383}
	EndGlobalSection
EndGlobal
